{
  "name": "Database-Course-Project",
  "lockfileVersion": 3,
  "requires": true,
  "packages": {
    "": {
      "dependencies": {
        "gittu": "^1.0.10",
        "nodemailer": "^7.0.5"
      }
    },
    "node_modules/chalk": {
      "version": "5.4.1",
      "resolved": "https://registry.npmjs.org/chalk/-/chalk-5.4.1.tgz",
      "integrity": "sha512-zgVZuo2WcZgfUEmsn6eO3kINexW8RAE4maiQ8QNs8CtpPCSyMiYsULR3HQYkm3w8FIA3SberyMJMSldGsW+U3w==",
      "license": "MIT",
      "engines": {
        "node": "^12.17.0 || ^14.13 || >=16.0.0"
      },
      "funding": {
        "url": "https://github.com/chalk/chalk?sponsor=1"
      }
    },
    "node_modules/child_process": {
      "version": "1.0.2",
      "resolved": "https://registry.npmjs.org/child_process/-/child_process-1.0.2.tgz",
      "integrity": "sha512-Wmza/JzL0SiWz7kl6MhIKT5ceIlnFPJX+lwUGj7Clhy5MMldsSoJR0+uvRzOS5Kv45Mq7t1PoE8TsOA9bzvb6g==",
      "license": "ISC"
    },
    "node_modules/commander": {
      "version": "9.5.0",
      "resolved": "https://registry.npmjs.org/commander/-/commander-9.5.0.tgz",
      "integrity": "sha512-KRs7WVDKg86PWiuAqhDrAQnTXZKraVcCc6vFdL14qrZ/DcWwuRo7VoiYXalXO7S5GKpqYiVEwCbgFDfxNHKJBQ==",
      "license": "MIT",
      "engines": {
        "node": "^12.20.0 || >=14"
      }
    },
    "node_modules/gittu": {
      "version": "1.0.10",
      "resolved": "https://registry.npmjs.org/gittu/-/gittu-1.0.10.tgz",
      "integrity": "sha512-twRsMCAmJnfoGWSX/fjlJj64NK+WVHbwF6KfTa52h1FCyCg9f41XaElvlmqLXY2rmvJVUevcMjseARgvdSJ/PA==",
      "license": "MIT",
      "workspaces": [
        "packages/*"
      ],
      "dependencies": {
        "chalk": "^5.4.1",
        "child_process": "^1.0.2",
        "commander": "^9.0.0"
      },
      "bin": {
        "gittu": "bin/gittu.js"
      },
      "engines": {
        "node": ">=14.0.0",
        "npm": ">=6.0.0"
      },
      "funding": {
        "type": "github",
        "url": "https://github.com/sponsors/altafhossen-pro"
      }
    },
    "node_modules/nodemailer": {
      "version": "7.0.5",
      "resolved": "https://registry.npmjs.org/nodemailer/-/nodemailer-7.0.5.tgz",
      "integrity": "sha512-nsrh2lO3j4GkLLXoeEksAMgAOqxOv6QumNRVQTJwKH4nuiww6iC2y7GyANs9kRAxCexg3+lTWM3PZ91iLlVjfg==",
      "license": "MIT-0",
      "engines": {
        "node": ">=6.0.0"
      }
    }
  }
}
